
Microsoft Visual Studio Solution File, Format Version 12.00
# Visual Studio Version 17
VisualStudioVersion = 17.0.31919.166
MinimumVisualStudioVersion = 10.0.40219.1
Project("{FAE04EC0-301F-11D3-BF4B-00C04F79EFBC}") = "UC9_Urna_braba", "UC9_Urna_braba\UC9_Urna_braba.csproj", "{E77555FD-18ED-4B40-81E9-6335D34B2ED7}"
EndProject
Global
	GlobalSection(SolutionConfigurationPlatforms) = preSolution
		Debug|Any CPU = Debug|Any CPU
		Release|Any CPU = Release|Any CPU
	EndGlobalSection
	GlobalSection(ProjectConfigurationPlatforms) = postSolution
		{E77555FD-18ED-4B40-81E9-6335D34B2ED7}.Debug|Any CPU.ActiveCfg = Debug|Any CPU
		{E77555FD-18ED-4B40-81E9-6335D34B2ED7}.Debug|Any CPU.Build.0 = Debug|Any CPU
		{E77555FD-18ED-4B40-81E9-6335D34B2ED7}.Release|Any CPU.ActiveCfg = Release|Any CPU
		{E77555FD-18ED-4B40-81E9-6335D34B2ED7}.Release|Any CPU.Build.0 = Release|Any CPU
	EndGlobalSection
	GlobalSection(SolutionProperties) = preSolution
		HideSolutionNode = FALSE
	EndGlobalSection
	GlobalSection(ExtensibilityGlobals) = postSolution
		SolutionGuid = {834FDB02-F2FB-467A-962D-64DDD4F6A91B}
	EndGlobalSection
EndGlobal
